
Microsoft Visual Studio Solution File, Format Version 12.00
# Visual Studio Version 16
VisualStudioVersion = 16.0.32510.428
MinimumVisualStudioVersion = 10.0.40219.1
Project("{FAE04EC0-301F-11D3-BF4B-00C04F79EFBC}") = "ExcecoesPersonalizadas", "ExcecoesPersonalizadas\ExcecoesPersonalizadas.csproj", "{4744187C-40A4-4025-B73F-3489ECFA50D0}"
EndProject
Global
	GlobalSection(SolutionConfigurationPlatforms) = preSolution
		Debug|Any CPU = Debug|Any CPU
		Release|Any CPU = Release|Any CPU
	EndGlobalSection
	GlobalSection(ProjectConfigurationPlatforms) = postSolution
		{4744187C-40A4-4025-B73F-3489ECFA50D0}.Debug|Any CPU.ActiveCfg = Debug|Any CPU
		{4744187C-40A4-4025-B73F-3489ECFA50D0}.Debug|Any CPU.Build.0 = Debug|Any CPU
		{4744187C-40A4-4025-B73F-3489ECFA50D0}.Release|Any CPU.ActiveCfg = Release|Any CPU
		{4744187C-40A4-4025-B73F-3489ECFA50D0}.Release|Any CPU.Build.0 = Release|Any CPU
	EndGlobalSection
	GlobalSection(SolutionProperties) = preSolution
		HideSolutionNode = FALSE
	EndGlobalSection
	GlobalSection(ExtensibilityGlobals) = postSolution
		SolutionGuid = {E0EAF359-3321-48D3-BB64-9A585B2CE3D7}
	EndGlobalSection
EndGlobal
