
Microsoft Visual Studio Solution File, Format Version 12.00
# Visual Studio Version 16
VisualStudioVersion = 16.0.32228.343
MinimumVisualStudioVersion = 10.0.40219.1
Project("{FAE04EC0-301F-11D3-BF4B-00C04F79EFBC}") = "Ex2 Aula2", "Ex2 Aula2\Ex2 Aula2.csproj", "{50E34DA1-2AF0-4290-BE08-E85DE0A4FAC8}"
EndProject
Global
	GlobalSection(SolutionConfigurationPlatforms) = preSolution
		Debug|Any CPU = Debug|Any CPU
		Release|Any CPU = Release|Any CPU
	EndGlobalSection
	GlobalSection(ProjectConfigurationPlatforms) = postSolution
		{50E34DA1-2AF0-4290-BE08-E85DE0A4FAC8}.Debug|Any CPU.ActiveCfg = Debug|Any CPU
		{50E34DA1-2AF0-4290-BE08-E85DE0A4FAC8}.Debug|Any CPU.Build.0 = Debug|Any CPU
		{50E34DA1-2AF0-4290-BE08-E85DE0A4FAC8}.Release|Any CPU.ActiveCfg = Release|Any CPU
		{50E34DA1-2AF0-4290-BE08-E85DE0A4FAC8}.Release|Any CPU.Build.0 = Release|Any CPU
	EndGlobalSection
	GlobalSection(SolutionProperties) = preSolution
		HideSolutionNode = FALSE
	EndGlobalSection
	GlobalSection(ExtensibilityGlobals) = postSolution
		SolutionGuid = {A9A60092-AA2E-42DC-A601-469E111A4962}
	EndGlobalSection
EndGlobal
