
Microsoft Visual Studio Solution File, Format Version 12.00
# Visual Studio Version 17
VisualStudioVersion = 17.1.32407.343
MinimumVisualStudioVersion = 10.0.40219.1
Project("{FAE04EC0-301F-11D3-BF4B-00C04F79EFBC}") = "TimeSpan1", "TimeSpan\TimeSpan1.csproj", "{5A48759D-12FD-43F8-881E-36E3FBBC268D}"
EndProject
Global
	GlobalSection(SolutionConfigurationPlatforms) = preSolution
		Debug|Any CPU = Debug|Any CPU
		Release|Any CPU = Release|Any CPU
	EndGlobalSection
	GlobalSection(ProjectConfigurationPlatforms) = postSolution
		{5A48759D-12FD-43F8-881E-36E3FBBC268D}.Debug|Any CPU.ActiveCfg = Debug|Any CPU
		{5A48759D-12FD-43F8-881E-36E3FBBC268D}.Debug|Any CPU.Build.0 = Debug|Any CPU
		{5A48759D-12FD-43F8-881E-36E3FBBC268D}.Release|Any CPU.ActiveCfg = Release|Any CPU
		{5A48759D-12FD-43F8-881E-36E3FBBC268D}.Release|Any CPU.Build.0 = Release|Any CPU
	EndGlobalSection
	GlobalSection(SolutionProperties) = preSolution
		HideSolutionNode = FALSE
	EndGlobalSection
	GlobalSection(ExtensibilityGlobals) = postSolution
		SolutionGuid = {1876651B-5FC1-43EB-B9D2-D0EBAC1FE778}
	EndGlobalSection
EndGlobal
