
Microsoft Visual Studio Solution File, Format Version 12.00
# Visual Studio Version 16
VisualStudioVersion = 16.0.32228.343
MinimumVisualStudioVersion = 10.0.40219.1
Project("{FAE04EC0-301F-11D3-BF4B-00C04F79EFBC}") = "Ex3 Aula2", "Ex3 Aula2\Ex3 Aula2.csproj", "{40C1D315-0FC1-4001-A137-993F56A87CBB}"
EndProject
Global
	GlobalSection(SolutionConfigurationPlatforms) = preSolution
		Debug|Any CPU = Debug|Any CPU
		Release|Any CPU = Release|Any CPU
	EndGlobalSection
	GlobalSection(ProjectConfigurationPlatforms) = postSolution
		{40C1D315-0FC1-4001-A137-993F56A87CBB}.Debug|Any CPU.ActiveCfg = Debug|Any CPU
		{40C1D315-0FC1-4001-A137-993F56A87CBB}.Debug|Any CPU.Build.0 = Debug|Any CPU
		{40C1D315-0FC1-4001-A137-993F56A87CBB}.Release|Any CPU.ActiveCfg = Release|Any CPU
		{40C1D315-0FC1-4001-A137-993F56A87CBB}.Release|Any CPU.Build.0 = Release|Any CPU
	EndGlobalSection
	GlobalSection(SolutionProperties) = preSolution
		HideSolutionNode = FALSE
	EndGlobalSection
	GlobalSection(ExtensibilityGlobals) = postSolution
		SolutionGuid = {47C8B6D8-F4B8-4D0E-9330-DB4063296007}
	EndGlobalSection
EndGlobal
