
Microsoft Visual Studio Solution File, Format Version 12.00
# Visual Studio Version 17
VisualStudioVersion = 17.1.32407.343
MinimumVisualStudioVersion = 10.0.40219.1
Project("{FAE04EC0-301F-11D3-BF4B-00C04F79EFBC}") = "ExercicioProdutosEmEstoque", "ExercicioProdutosEmEstoque\ExercicioProdutosEmEstoque.csproj", "{FA6A03BF-FDA7-43C2-AE71-43D1A1CC3533}"
EndProject
Global
	GlobalSection(SolutionConfigurationPlatforms) = preSolution
		Debug|Any CPU = Debug|Any CPU
		Release|Any CPU = Release|Any CPU
	EndGlobalSection
	GlobalSection(ProjectConfigurationPlatforms) = postSolution
		{FA6A03BF-FDA7-43C2-AE71-43D1A1CC3533}.Debug|Any CPU.ActiveCfg = Debug|Any CPU
		{FA6A03BF-FDA7-43C2-AE71-43D1A1CC3533}.Debug|Any CPU.Build.0 = Debug|Any CPU
		{FA6A03BF-FDA7-43C2-AE71-43D1A1CC3533}.Release|Any CPU.ActiveCfg = Release|Any CPU
		{FA6A03BF-FDA7-43C2-AE71-43D1A1CC3533}.Release|Any CPU.Build.0 = Release|Any CPU
	EndGlobalSection
	GlobalSection(SolutionProperties) = preSolution
		HideSolutionNode = FALSE
	EndGlobalSection
	GlobalSection(ExtensibilityGlobals) = postSolution
		SolutionGuid = {B5A57CA7-9537-4114-A32F-67BFCB8D69F7}
	EndGlobalSection
EndGlobal
