
Microsoft Visual Studio Solution File, Format Version 12.00
# Visual Studio Version 16
VisualStudioVersion = 16.0.32510.428
MinimumVisualStudioVersion = 10.0.40219.1
Project("{FAE04EC0-301F-11D3-BF4B-00C04F79EFBC}") = "TimeSpan-Propriedades", "TimeSpan-Propriedades\TimeSpan-Propriedades.csproj", "{6368EA3E-DFE7-4C34-A7DB-ADE605F0C91A}"
EndProject
Global
	GlobalSection(SolutionConfigurationPlatforms) = preSolution
		Debug|Any CPU = Debug|Any CPU
		Release|Any CPU = Release|Any CPU
	EndGlobalSection
	GlobalSection(ProjectConfigurationPlatforms) = postSolution
		{6368EA3E-DFE7-4C34-A7DB-ADE605F0C91A}.Debug|Any CPU.ActiveCfg = Debug|Any CPU
		{6368EA3E-DFE7-4C34-A7DB-ADE605F0C91A}.Debug|Any CPU.Build.0 = Debug|Any CPU
		{6368EA3E-DFE7-4C34-A7DB-ADE605F0C91A}.Release|Any CPU.ActiveCfg = Release|Any CPU
		{6368EA3E-DFE7-4C34-A7DB-ADE605F0C91A}.Release|Any CPU.Build.0 = Release|Any CPU
	EndGlobalSection
	GlobalSection(SolutionProperties) = preSolution
		HideSolutionNode = FALSE
	EndGlobalSection
	GlobalSection(ExtensibilityGlobals) = postSolution
		SolutionGuid = {D4120BB2-A998-4C07-8999-3BEB0039F680}
	EndGlobalSection
EndGlobal
