
Microsoft Visual Studio Solution File, Format Version 12.00
# Visual Studio Version 17
VisualStudioVersion = 17.1.32407.343
MinimumVisualStudioVersion = 10.0.40219.1
Project("{FAE04EC0-301F-11D3-BF4B-00C04F79EFBC}") = "BoxingUnboxing", "BoxingUnboxing\BoxingUnboxing.csproj", "{482BFB78-C961-407E-882F-7274E71CEB2B}"
EndProject
Global
	GlobalSection(SolutionConfigurationPlatforms) = preSolution
		Debug|Any CPU = Debug|Any CPU
		Release|Any CPU = Release|Any CPU
	EndGlobalSection
	GlobalSection(ProjectConfigurationPlatforms) = postSolution
		{482BFB78-C961-407E-882F-7274E71CEB2B}.Debug|Any CPU.ActiveCfg = Debug|Any CPU
		{482BFB78-C961-407E-882F-7274E71CEB2B}.Debug|Any CPU.Build.0 = Debug|Any CPU
		{482BFB78-C961-407E-882F-7274E71CEB2B}.Release|Any CPU.ActiveCfg = Release|Any CPU
		{482BFB78-C961-407E-882F-7274E71CEB2B}.Release|Any CPU.Build.0 = Release|Any CPU
	EndGlobalSection
	GlobalSection(SolutionProperties) = preSolution
		HideSolutionNode = FALSE
	EndGlobalSection
	GlobalSection(ExtensibilityGlobals) = postSolution
		SolutionGuid = {4B9C6B92-0E31-4906-B803-19B5073AF7F9}
	EndGlobalSection
EndGlobal
