
Microsoft Visual Studio Solution File, Format Version 12.00
# Visual Studio Version 16
VisualStudioVersion = 16.0.32510.428
MinimumVisualStudioVersion = 10.0.40219.1
Project("{FAE04EC0-301F-11D3-BF4B-00C04F79EFBC}") = "DesafioTratamentoExcecoes", "DesafioTratamentoExcecoes\DesafioTratamentoExcecoes.csproj", "{7949A3A2-7503-4B0E-BD93-E946EE98DB66}"
EndProject
Global
	GlobalSection(SolutionConfigurationPlatforms) = preSolution
		Debug|Any CPU = Debug|Any CPU
		Release|Any CPU = Release|Any CPU
	EndGlobalSection
	GlobalSection(ProjectConfigurationPlatforms) = postSolution
		{7949A3A2-7503-4B0E-BD93-E946EE98DB66}.Debug|Any CPU.ActiveCfg = Debug|Any CPU
		{7949A3A2-7503-4B0E-BD93-E946EE98DB66}.Debug|Any CPU.Build.0 = Debug|Any CPU
		{7949A3A2-7503-4B0E-BD93-E946EE98DB66}.Release|Any CPU.ActiveCfg = Release|Any CPU
		{7949A3A2-7503-4B0E-BD93-E946EE98DB66}.Release|Any CPU.Build.0 = Release|Any CPU
	EndGlobalSection
	GlobalSection(SolutionProperties) = preSolution
		HideSolutionNode = FALSE
	EndGlobalSection
	GlobalSection(ExtensibilityGlobals) = postSolution
		SolutionGuid = {5DB800AE-C306-4847-B579-13F6DEA3BE51}
	EndGlobalSection
EndGlobal
