
Microsoft Visual Studio Solution File, Format Version 12.00
# Visual Studio Version 17
VisualStudioVersion = 17.2.32526.322
MinimumVisualStudioVersion = 10.0.40219.1
Project("{FAE04EC0-301F-11D3-BF4B-00C04F79EFBC}") = "ProgramacaoFuncional-CalculoLambda", "ProgramacaoFuncional-CalculoLambda\ProgramacaoFuncional-CalculoLambda.csproj", "{8A12D3D6-BA71-43BB-AA0B-2FCC411BA369}"
EndProject
Global
	GlobalSection(SolutionConfigurationPlatforms) = preSolution
		Debug|Any CPU = Debug|Any CPU
		Release|Any CPU = Release|Any CPU
	EndGlobalSection
	GlobalSection(ProjectConfigurationPlatforms) = postSolution
		{8A12D3D6-BA71-43BB-AA0B-2FCC411BA369}.Debug|Any CPU.ActiveCfg = Debug|Any CPU
		{8A12D3D6-BA71-43BB-AA0B-2FCC411BA369}.Debug|Any CPU.Build.0 = Debug|Any CPU
		{8A12D3D6-BA71-43BB-AA0B-2FCC411BA369}.Release|Any CPU.ActiveCfg = Release|Any CPU
		{8A12D3D6-BA71-43BB-AA0B-2FCC411BA369}.Release|Any CPU.Build.0 = Release|Any CPU
	EndGlobalSection
	GlobalSection(SolutionProperties) = preSolution
		HideSolutionNode = FALSE
	EndGlobalSection
	GlobalSection(ExtensibilityGlobals) = postSolution
		SolutionGuid = {6E91EF32-2DF4-4EA0-A012-1C88684A1776}
	EndGlobalSection
EndGlobal
