
Microsoft Visual Studio Solution File, Format Version 12.00
# Visual Studio Version 17
VisualStudioVersion = 17.1.32407.343
MinimumVisualStudioVersion = 10.0.40219.1
Project("{FAE04EC0-301F-11D3-BF4B-00C04F79EFBC}") = "ModificadorRefOut", "ModificadorRefOut\ModificadorRefOut.csproj", "{2A1EED5F-6E22-4A10-A8E8-E6B8B58E1D55}"
EndProject
Global
	GlobalSection(SolutionConfigurationPlatforms) = preSolution
		Debug|Any CPU = Debug|Any CPU
		Release|Any CPU = Release|Any CPU
	EndGlobalSection
	GlobalSection(ProjectConfigurationPlatforms) = postSolution
		{2A1EED5F-6E22-4A10-A8E8-E6B8B58E1D55}.Debug|Any CPU.ActiveCfg = Debug|Any CPU
		{2A1EED5F-6E22-4A10-A8E8-E6B8B58E1D55}.Debug|Any CPU.Build.0 = Debug|Any CPU
		{2A1EED5F-6E22-4A10-A8E8-E6B8B58E1D55}.Release|Any CPU.ActiveCfg = Release|Any CPU
		{2A1EED5F-6E22-4A10-A8E8-E6B8B58E1D55}.Release|Any CPU.Build.0 = Release|Any CPU
	EndGlobalSection
	GlobalSection(SolutionProperties) = preSolution
		HideSolutionNode = FALSE
	EndGlobalSection
	GlobalSection(ExtensibilityGlobals) = postSolution
		SolutionGuid = {FAF09EDB-3C6E-4339-96C2-DC6C5AFC12E3}
	EndGlobalSection
EndGlobal
