
Microsoft Visual Studio Solution File, Format Version 12.00
# Visual Studio Version 17
VisualStudioVersion = 17.1.32407.343
MinimumVisualStudioVersion = 10.0.40219.1
Project("{FAE04EC0-301F-11D3-BF4B-00C04F79EFBC}") = "Ep48_ExFixacao", "Ep48_ExFixacao\Ep48_ExFixacao.csproj", "{BF9C0F6F-8F9F-4003-9D4A-9F8515A48EA7}"
EndProject
Global
	GlobalSection(SolutionConfigurationPlatforms) = preSolution
		Debug|Any CPU = Debug|Any CPU
		Release|Any CPU = Release|Any CPU
	EndGlobalSection
	GlobalSection(ProjectConfigurationPlatforms) = postSolution
		{BF9C0F6F-8F9F-4003-9D4A-9F8515A48EA7}.Debug|Any CPU.ActiveCfg = Debug|Any CPU
		{BF9C0F6F-8F9F-4003-9D4A-9F8515A48EA7}.Debug|Any CPU.Build.0 = Debug|Any CPU
		{BF9C0F6F-8F9F-4003-9D4A-9F8515A48EA7}.Release|Any CPU.ActiveCfg = Release|Any CPU
		{BF9C0F6F-8F9F-4003-9D4A-9F8515A48EA7}.Release|Any CPU.Build.0 = Release|Any CPU
	EndGlobalSection
	GlobalSection(SolutionProperties) = preSolution
		HideSolutionNode = FALSE
	EndGlobalSection
	GlobalSection(ExtensibilityGlobals) = postSolution
		SolutionGuid = {D145B1D8-573C-4458-8312-EA7F38103FC8}
	EndGlobalSection
EndGlobal
