
Microsoft Visual Studio Solution File, Format Version 12.00
# Visual Studio Version 17
VisualStudioVersion = 17.1.32407.343
MinimumVisualStudioVersion = 10.0.40219.1
Project("{FAE04EC0-301F-11D3-BF4B-00C04F79EFBC}") = "Funcao(Sintaxe)", "Funcao(Sintaxe)\Funcao(Sintaxe).csproj", "{0C6E440C-3C4D-4A61-971C-D4AFCDC20A9D}"
EndProject
Global
	GlobalSection(SolutionConfigurationPlatforms) = preSolution
		Debug|Any CPU = Debug|Any CPU
		Release|Any CPU = Release|Any CPU
	EndGlobalSection
	GlobalSection(ProjectConfigurationPlatforms) = postSolution
		{0C6E440C-3C4D-4A61-971C-D4AFCDC20A9D}.Debug|Any CPU.ActiveCfg = Debug|Any CPU
		{0C6E440C-3C4D-4A61-971C-D4AFCDC20A9D}.Debug|Any CPU.Build.0 = Debug|Any CPU
		{0C6E440C-3C4D-4A61-971C-D4AFCDC20A9D}.Release|Any CPU.ActiveCfg = Release|Any CPU
		{0C6E440C-3C4D-4A61-971C-D4AFCDC20A9D}.Release|Any CPU.Build.0 = Release|Any CPU
	EndGlobalSection
	GlobalSection(SolutionProperties) = preSolution
		HideSolutionNode = FALSE
	EndGlobalSection
	GlobalSection(ExtensibilityGlobals) = postSolution
		SolutionGuid = {CFE92431-C3E0-45F7-BBCB-53B7A8ED6C69}
	EndGlobalSection
EndGlobal
