
Microsoft Visual Studio Solution File, Format Version 12.00
# Visual Studio Version 16
VisualStudioVersion = 16.0.32228.343
MinimumVisualStudioVersion = 10.0.40219.1
Project("{FAE04EC0-301F-11D3-BF4B-00C04F79EFBC}") = "Ex1 Aula2", "Ex1 Aula2\Ex1 Aula2.csproj", "{22D36F18-1F77-492A-AAC6-DC914BA0D284}"
EndProject
Global
	GlobalSection(SolutionConfigurationPlatforms) = preSolution
		Debug|Any CPU = Debug|Any CPU
		Release|Any CPU = Release|Any CPU
	EndGlobalSection
	GlobalSection(ProjectConfigurationPlatforms) = postSolution
		{22D36F18-1F77-492A-AAC6-DC914BA0D284}.Debug|Any CPU.ActiveCfg = Debug|Any CPU
		{22D36F18-1F77-492A-AAC6-DC914BA0D284}.Debug|Any CPU.Build.0 = Debug|Any CPU
		{22D36F18-1F77-492A-AAC6-DC914BA0D284}.Release|Any CPU.ActiveCfg = Release|Any CPU
		{22D36F18-1F77-492A-AAC6-DC914BA0D284}.Release|Any CPU.Build.0 = Release|Any CPU
	EndGlobalSection
	GlobalSection(SolutionProperties) = preSolution
		HideSolutionNode = FALSE
	EndGlobalSection
	GlobalSection(ExtensibilityGlobals) = postSolution
		SolutionGuid = {E3473A4C-F69E-4479-A117-EB89D9B200EE}
	EndGlobalSection
EndGlobal
