
Microsoft Visual Studio Solution File, Format Version 12.00
# Visual Studio Version 17
VisualStudioVersion = 17.1.32407.343
MinimumVisualStudioVersion = 10.0.40219.1
Project("{FAE04EC0-301F-11D3-BF4B-00C04F79EFBC}") = "EntradaDeDados", "EntradaDeDados\EntradaDeDados.csproj", "{6B42A8CE-B775-4DF1-8F15-842724C4B879}"
EndProject
Global
	GlobalSection(SolutionConfigurationPlatforms) = preSolution
		Debug|Any CPU = Debug|Any CPU
		Release|Any CPU = Release|Any CPU
	EndGlobalSection
	GlobalSection(ProjectConfigurationPlatforms) = postSolution
		{6B42A8CE-B775-4DF1-8F15-842724C4B879}.Debug|Any CPU.ActiveCfg = Debug|Any CPU
		{6B42A8CE-B775-4DF1-8F15-842724C4B879}.Debug|Any CPU.Build.0 = Debug|Any CPU
		{6B42A8CE-B775-4DF1-8F15-842724C4B879}.Release|Any CPU.ActiveCfg = Release|Any CPU
		{6B42A8CE-B775-4DF1-8F15-842724C4B879}.Release|Any CPU.Build.0 = Release|Any CPU
	EndGlobalSection
	GlobalSection(SolutionProperties) = preSolution
		HideSolutionNode = FALSE
	EndGlobalSection
	GlobalSection(ExtensibilityGlobals) = postSolution
		SolutionGuid = {F1C8AAA1-883D-4103-91B1-7EE052D83294}
	EndGlobalSection
EndGlobal
