
Microsoft Visual Studio Solution File, Format Version 12.00
# Visual Studio Version 16
VisualStudioVersion = 16.0.32510.428
MinimumVisualStudioVersion = 10.0.40219.1
Project("{FAE04EC0-301F-11D3-BF4B-00C04F79EFBC}") = "demoStringBuilder", "demoStringBuilder\demoStringBuilder.csproj", "{56FAB044-A8F0-43DA-877C-B64419AA249E}"
EndProject
Global
	GlobalSection(SolutionConfigurationPlatforms) = preSolution
		Debug|Any CPU = Debug|Any CPU
		Release|Any CPU = Release|Any CPU
	EndGlobalSection
	GlobalSection(ProjectConfigurationPlatforms) = postSolution
		{56FAB044-A8F0-43DA-877C-B64419AA249E}.Debug|Any CPU.ActiveCfg = Debug|Any CPU
		{56FAB044-A8F0-43DA-877C-B64419AA249E}.Debug|Any CPU.Build.0 = Debug|Any CPU
		{56FAB044-A8F0-43DA-877C-B64419AA249E}.Release|Any CPU.ActiveCfg = Release|Any CPU
		{56FAB044-A8F0-43DA-877C-B64419AA249E}.Release|Any CPU.Build.0 = Release|Any CPU
	EndGlobalSection
	GlobalSection(SolutionProperties) = preSolution
		HideSolutionNode = FALSE
	EndGlobalSection
	GlobalSection(ExtensibilityGlobals) = postSolution
		SolutionGuid = {2E0DC387-FADD-47FF-BF64-FBAA996D8AC5}
	EndGlobalSection
EndGlobal
