
Microsoft Visual Studio Solution File, Format Version 12.00
# Visual Studio Version 16
VisualStudioVersion = 16.0.32510.428
MinimumVisualStudioVersion = 10.0.40219.1
Project("{FAE04EC0-301F-11D3-BF4B-00C04F79EFBC}") = "LINQcomNotacaoSimilar-SQL", "LINQcomNotacaoSimilar-SQL\LINQcomNotacaoSimilar-SQL.csproj", "{E4D60F56-734C-47E5-8A75-C1C82C281785}"
EndProject
Global
	GlobalSection(SolutionConfigurationPlatforms) = preSolution
		Debug|Any CPU = Debug|Any CPU
		Release|Any CPU = Release|Any CPU
	EndGlobalSection
	GlobalSection(ProjectConfigurationPlatforms) = postSolution
		{E4D60F56-734C-47E5-8A75-C1C82C281785}.Debug|Any CPU.ActiveCfg = Debug|Any CPU
		{E4D60F56-734C-47E5-8A75-C1C82C281785}.Debug|Any CPU.Build.0 = Debug|Any CPU
		{E4D60F56-734C-47E5-8A75-C1C82C281785}.Release|Any CPU.ActiveCfg = Release|Any CPU
		{E4D60F56-734C-47E5-8A75-C1C82C281785}.Release|Any CPU.Build.0 = Release|Any CPU
	EndGlobalSection
	GlobalSection(SolutionProperties) = preSolution
		HideSolutionNode = FALSE
	EndGlobalSection
	GlobalSection(ExtensibilityGlobals) = postSolution
		SolutionGuid = {66F9CF0D-DD8F-4E9B-9E4B-2329D7BCB585}
	EndGlobalSection
EndGlobal
