
Microsoft Visual Studio Solution File, Format Version 12.00
# Visual Studio Version 16
VisualStudioVersion = 16.0.32510.428
MinimumVisualStudioVersion = 10.0.40219.1
Project("{FAE04EC0-301F-11D3-BF4B-00C04F79EFBC}") = "AlgebraRelacional-e-SQL", "AlgebraRelacional-e-SQL\AlgebraRelacional-e-SQL.csproj", "{A1ADBE9B-64A1-486F-9226-658DB8C91C42}"
EndProject
Global
	GlobalSection(SolutionConfigurationPlatforms) = preSolution
		Debug|Any CPU = Debug|Any CPU
		Release|Any CPU = Release|Any CPU
	EndGlobalSection
	GlobalSection(ProjectConfigurationPlatforms) = postSolution
		{A1ADBE9B-64A1-486F-9226-658DB8C91C42}.Debug|Any CPU.ActiveCfg = Debug|Any CPU
		{A1ADBE9B-64A1-486F-9226-658DB8C91C42}.Debug|Any CPU.Build.0 = Debug|Any CPU
		{A1ADBE9B-64A1-486F-9226-658DB8C91C42}.Release|Any CPU.ActiveCfg = Release|Any CPU
		{A1ADBE9B-64A1-486F-9226-658DB8C91C42}.Release|Any CPU.Build.0 = Release|Any CPU
	EndGlobalSection
	GlobalSection(SolutionProperties) = preSolution
		HideSolutionNode = FALSE
	EndGlobalSection
	GlobalSection(ExtensibilityGlobals) = postSolution
		SolutionGuid = {60B66CAE-DC4B-4FE6-ACC1-5E6D59E571FE}
	EndGlobalSection
EndGlobal
