
Microsoft Visual Studio Solution File, Format Version 12.00
# Visual Studio Version 17
VisualStudioVersion = 17.1.32319.34
MinimumVisualStudioVersion = 10.0.40219.1
Project("{FAE04EC0-301F-11D3-BF4B-00C04F79EFBC}") = "Ex resolvido Matrizes", "Ex resolvido Matrizes\Ex resolvido Matrizes.csproj", "{AD8EF2C4-6F9C-46DC-881B-FCA100F17865}"
EndProject
Global
	GlobalSection(SolutionConfigurationPlatforms) = preSolution
		Debug|Any CPU = Debug|Any CPU
		Release|Any CPU = Release|Any CPU
	EndGlobalSection
	GlobalSection(ProjectConfigurationPlatforms) = postSolution
		{AD8EF2C4-6F9C-46DC-881B-FCA100F17865}.Debug|Any CPU.ActiveCfg = Debug|Any CPU
		{AD8EF2C4-6F9C-46DC-881B-FCA100F17865}.Debug|Any CPU.Build.0 = Debug|Any CPU
		{AD8EF2C4-6F9C-46DC-881B-FCA100F17865}.Release|Any CPU.ActiveCfg = Release|Any CPU
		{AD8EF2C4-6F9C-46DC-881B-FCA100F17865}.Release|Any CPU.Build.0 = Release|Any CPU
	EndGlobalSection
	GlobalSection(SolutionProperties) = preSolution
		HideSolutionNode = FALSE
	EndGlobalSection
	GlobalSection(ExtensibilityGlobals) = postSolution
		SolutionGuid = {387A757F-B795-498A-AED8-12D1CBB3B251}
	EndGlobalSection
EndGlobal
