
Microsoft Visual Studio Solution File, Format Version 12.00
# Visual Studio Version 17
VisualStudioVersion = 17.1.32328.378
MinimumVisualStudioVersion = 10.0.40219.1
Project("{FAE04EC0-301F-11D3-BF4B-00C04F79EFBC}") = "Generics PART 1", "Generics PART 1\Generics PART 1.csproj", "{29D4204B-CFCD-44B6-A8E9-5886D6F1533E}"
EndProject
Global
	GlobalSection(SolutionConfigurationPlatforms) = preSolution
		Debug|Any CPU = Debug|Any CPU
		Release|Any CPU = Release|Any CPU
	EndGlobalSection
	GlobalSection(ProjectConfigurationPlatforms) = postSolution
		{29D4204B-CFCD-44B6-A8E9-5886D6F1533E}.Debug|Any CPU.ActiveCfg = Debug|Any CPU
		{29D4204B-CFCD-44B6-A8E9-5886D6F1533E}.Debug|Any CPU.Build.0 = Debug|Any CPU
		{29D4204B-CFCD-44B6-A8E9-5886D6F1533E}.Release|Any CPU.ActiveCfg = Release|Any CPU
		{29D4204B-CFCD-44B6-A8E9-5886D6F1533E}.Release|Any CPU.Build.0 = Release|Any CPU
	EndGlobalSection
	GlobalSection(SolutionProperties) = preSolution
		HideSolutionNode = FALSE
	EndGlobalSection
	GlobalSection(ExtensibilityGlobals) = postSolution
		SolutionGuid = {06BA21D3-2119-42E5-8E9B-C6F6C7265DEB}
	EndGlobalSection
EndGlobal
