
Microsoft Visual Studio Solution File, Format Version 12.00
# Visual Studio Version 17
VisualStudioVersion = 17.1.32407.343
MinimumVisualStudioVersion = 10.0.40219.1
Project("{FAE04EC0-301F-11D3-BF4B-00C04F79EFBC}") = "Encapsulamento2", "Encapsulamento2\Encapsulamento2.csproj", "{C97E2F0F-FDD7-4BC1-B331-870C590B90CA}"
EndProject
Global
	GlobalSection(SolutionConfigurationPlatforms) = preSolution
		Debug|Any CPU = Debug|Any CPU
		Release|Any CPU = Release|Any CPU
	EndGlobalSection
	GlobalSection(ProjectConfigurationPlatforms) = postSolution
		{C97E2F0F-FDD7-4BC1-B331-870C590B90CA}.Debug|Any CPU.ActiveCfg = Debug|Any CPU
		{C97E2F0F-FDD7-4BC1-B331-870C590B90CA}.Debug|Any CPU.Build.0 = Debug|Any CPU
		{C97E2F0F-FDD7-4BC1-B331-870C590B90CA}.Release|Any CPU.ActiveCfg = Release|Any CPU
		{C97E2F0F-FDD7-4BC1-B331-870C590B90CA}.Release|Any CPU.Build.0 = Release|Any CPU
	EndGlobalSection
	GlobalSection(SolutionProperties) = preSolution
		HideSolutionNode = FALSE
	EndGlobalSection
	GlobalSection(ExtensibilityGlobals) = postSolution
		SolutionGuid = {626E1294-6361-4DB5-86C9-A9C45B810602}
	EndGlobalSection
EndGlobal
